// !$*UTF8*$!
{
	archiveVersion = 1;
	classes = {
	};
	objectVersion = 56;
	objects = {

/* Begin PBXBuildFile section */
		6C008BE828FB958C007F651B /* BusinessRow.swift in Sources */ = {isa = PBXBuildFile; fileRef = 6C008BE728FB958C007F651B /* BusinessRow.swift */; };
		6C29F2FE28FBA58B00F23585 /* BusinessDetail.swift in Sources */ = {isa = PBXBuildFile; fileRef = 6C29F2FD28FBA58B00F23585 /* BusinessDetail.swift */; };
		6CA8CCFD28FB77E300243D66 /* BusinessList.swift in Sources */ = {isa = PBXBuildFile; fileRef = 6CA8CCFC28FB77E300243D66 /* BusinessList.swift */; };
		6CA8CCFF28FB79C300243D66 /* BusinessSectionHeader.swift in Sources */ = {isa = PBXBuildFile; fileRef = 6CA8CCFE28FB79C300243D66 /* BusinessSectionHeader.swift */; };
		6CA8CD0128FB7A6700243D66 /* BusinessSection.swift in Sources */ = {isa = PBXBuildFile; fileRef = 6CA8CD0028FB7A6700243D66 /* BusinessSection.swift */; };
		6CD8A8E52902F4B000CF2C75 /* DirectionsView.swift in Sources */ = {isa = PBXBuildFile; fileRef = 6CD8A8E42902F4B000CF2C75 /* DirectionsView.swift */; };
		6CD8A8E72902F4FF00CF2C75 /* BusinessTitle.swift in Sources */ = {isa = PBXBuildFile; fileRef = 6CD8A8E62902F4FF00CF2C75 /* BusinessTitle.swift */; };
		6CD8A8E92902F88F00CF2C75 /* DirectionsMap.swift in Sources */ = {isa = PBXBuildFile; fileRef = 6CD8A8E82902F88F00CF2C75 /* DirectionsMap.swift */; };
		6CD8A8EC29037D9600CF2C75 /* OnboardingView.swift in Sources */ = {isa = PBXBuildFile; fileRef = 6CD8A8EB29037D9600CF2C75 /* OnboardingView.swift */; };
		6CD8A8EF290381EE00CF2C75 /* LocationDeniedView.swift in Sources */ = {isa = PBXBuildFile; fileRef = 6CD8A8EE290381EE00CF2C75 /* LocationDeniedView.swift */; };
		6CD8A8F2290384E000CF2C75 /* YelpAttribution.swift in Sources */ = {isa = PBXBuildFile; fileRef = 6CD8A8F1290384E000CF2C75 /* YelpAttribution.swift */; };
		6CD8A8F42903883400CF2C75 /* DashedDivider.swift in Sources */ = {isa = PBXBuildFile; fileRef = 6CD8A8F32903883400CF2C75 /* DashedDivider.swift */; };
		6CDB2CD028FB6DCC00329BDD /* citySightsApp.swift in Sources */ = {isa = PBXBuildFile; fileRef = 6CDB2CCF28FB6DCC00329BDD /* citySightsApp.swift */; };
		6CDB2CD228FB6DCC00329BDD /* LaunchView.swift in Sources */ = {isa = PBXBuildFile; fileRef = 6CDB2CD128FB6DCC00329BDD /* LaunchView.swift */; };
		6CDB2CD428FB6DCF00329BDD /* Assets.xcassets in Resources */ = {isa = PBXBuildFile; fileRef = 6CDB2CD328FB6DCF00329BDD /* Assets.xcassets */; };
		6CDB2CD728FB6DCF00329BDD /* Preview Assets.xcassets in Resources */ = {isa = PBXBuildFile; fileRef = 6CDB2CD628FB6DCF00329BDD /* Preview Assets.xcassets */; };
		6CDB2CE428FB6F6800329BDD /* Business.swift in Sources */ = {isa = PBXBuildFile; fileRef = 6CDB2CE328FB6F6800329BDD /* Business.swift */; };
		6CDB2CE628FB6F8600329BDD /* BusinessSearch.swift in Sources */ = {isa = PBXBuildFile; fileRef = 6CDB2CE528FB6F8600329BDD /* BusinessSearch.swift */; };
		6CDB2CE828FB6FF900329BDD /* ContentModel.swift in Sources */ = {isa = PBXBuildFile; fileRef = 6CDB2CE728FB6FF900329BDD /* ContentModel.swift */; };
		6CDB2CEC28FB719700329BDD /* Constants.swift in Sources */ = {isa = PBXBuildFile; fileRef = 6CDB2CEB28FB719700329BDD /* Constants.swift */; };
		6CDB2CEE28FB743200329BDD /* HomeView.swift in Sources */ = {isa = PBXBuildFile; fileRef = 6CDB2CED28FB743200329BDD /* HomeView.swift */; };
		6CE4148528FFC6B40087D623 /* BusinessMap.swift in Sources */ = {isa = PBXBuildFile; fileRef = 6CE4148428FFC6B40087D623 /* BusinessMap.swift */; };
/* End PBXBuildFile section */

/* Begin PBXFileReference section */
		6C008BE728FB958C007F651B /* BusinessRow.swift */ = {isa = PBXFileReference; lastKnownFileType = sourcecode.swift; path = BusinessRow.swift; sourceTree = "<group>"; };
		6C29F2FD28FBA58B00F23585 /* BusinessDetail.swift */ = {isa = PBXFileReference; lastKnownFileType = sourcecode.swift; path = BusinessDetail.swift; sourceTree = "<group>"; };
		6CA8CCFC28FB77E300243D66 /* BusinessList.swift */ = {isa = PBXFileReference; lastKnownFileType = sourcecode.swift; path = BusinessList.swift; sourceTree = "<group>"; };
		6CA8CCFE28FB79C300243D66 /* BusinessSectionHeader.swift */ = {isa = PBXFileReference; lastKnownFileType = sourcecode.swift; path = BusinessSectionHeader.swift; sourceTree = "<group>"; };
		6CA8CD0028FB7A6700243D66 /* BusinessSection.swift */ = {isa = PBXFileReference; lastKnownFileType = sourcecode.swift; path = BusinessSection.swift; sourceTree = "<group>"; };
		6CD8A8E42902F4B000CF2C75 /* DirectionsView.swift */ = {isa = PBXFileReference; lastKnownFileType = sourcecode.swift; path = DirectionsView.swift; sourceTree = "<group>"; };
		6CD8A8E62902F4FF00CF2C75 /* BusinessTitle.swift */ = {isa = PBXFileReference; lastKnownFileType = sourcecode.swift; path = BusinessTitle.swift; sourceTree = "<group>"; };
		6CD8A8E82902F88F00CF2C75 /* DirectionsMap.swift */ = {isa = PBXFileReference; lastKnownFileType = sourcecode.swift; path = DirectionsMap.swift; sourceTree = "<group>"; };
		6CD8A8EB29037D9600CF2C75 /* OnboardingView.swift */ = {isa = PBXFileReference; lastKnownFileType = sourcecode.swift; path = OnboardingView.swift; sourceTree = "<group>"; };
		6CD8A8EE290381EE00CF2C75 /* LocationDeniedView.swift */ = {isa = PBXFileReference; lastKnownFileType = sourcecode.swift; path = LocationDeniedView.swift; sourceTree = "<group>"; };
		6CD8A8F1290384E000CF2C75 /* YelpAttribution.swift */ = {isa = PBXFileReference; lastKnownFileType = sourcecode.swift; path = YelpAttribution.swift; sourceTree = "<group>"; };
		6CD8A8F32903883400CF2C75 /* DashedDivider.swift */ = {isa = PBXFileReference; lastKnownFileType = sourcecode.swift; path = DashedDivider.swift; sourceTree = "<group>"; };
		6CDB2CCC28FB6DCC00329BDD /* citySights.app */ = {isa = PBXFileReference; explicitFileType = wrapper.application; includeInIndex = 0; path = citySights.app; sourceTree = BUILT_PRODUCTS_DIR; };
		6CDB2CCF28FB6DCC00329BDD /* citySightsApp.swift */ = {isa = PBXFileReference; lastKnownFileType = sourcecode.swift; path = citySightsApp.swift; sourceTree = "<group>"; };
		6CDB2CD128FB6DCC00329BDD /* LaunchView.swift */ = {isa = PBXFileReference; lastKnownFileType = sourcecode.swift; path = LaunchView.swift; sourceTree = "<group>"; };
		6CDB2CD328FB6DCF00329BDD /* Assets.xcassets */ = {isa = PBXFileReference; lastKnownFileType = folder.assetcatalog; path = Assets.xcassets; sourceTree = "<group>"; };
		6CDB2CD628FB6DCF00329BDD /* Preview Assets.xcassets */ = {isa = PBXFileReference; lastKnownFileType = folder.assetcatalog; path = "Preview Assets.xcassets"; sourceTree = "<group>"; };
		6CDB2CE328FB6F6800329BDD /* Business.swift */ = {isa = PBXFileReference; lastKnownFileType = sourcecode.swift; path = Business.swift; sourceTree = "<group>"; };
		6CDB2CE528FB6F8600329BDD /* BusinessSearch.swift */ = {isa = PBXFileReference; lastKnownFileType = sourcecode.swift; path = BusinessSearch.swift; sourceTree = "<group>"; };
		6CDB2CE728FB6FF900329BDD /* ContentModel.swift */ = {isa = PBXFileReference; lastKnownFileType = sourcecode.swift; path = ContentModel.swift; sourceTree = "<group>"; };
		6CDB2CEB28FB719700329BDD /* Constants.swift */ = {isa = PBXFileReference; lastKnownFileType = sourcecode.swift; path = Constants.swift; sourceTree = "<group>"; };
		6CDB2CED28FB743200329BDD /* HomeView.swift */ = {isa = PBXFileReference; lastKnownFileType = sourcecode.swift; path = HomeView.swift; sourceTree = "<group>"; };
		6CE4148428FFC6B40087D623 /* BusinessMap.swift */ = {isa = PBXFileReference; lastKnownFileType = sourcecode.swift; path = BusinessMap.swift; sourceTree = "<group>"; };
/* End PBXFileReference section */

/* Begin PBXFrameworksBuildPhase section */
		6CDB2CC928FB6DCC00329BDD /* Frameworks */ = {
			isa = PBXFrameworksBuildPhase;
			buildActionMask = 2147483647;
			files = (
			);
			runOnlyForDeploymentPostprocessing = 0;
		};
/* End PBXFrameworksBuildPhase section */

/* Begin PBXGroup section */
		6C29F2FC28FBA57700F23585 /* Detail */ = {
			isa = PBXGroup;
			children = (
				6C29F2FD28FBA58B00F23585 /* BusinessDetail.swift */,
				6CD8A8E42902F4B000CF2C75 /* DirectionsView.swift */,
				6CD8A8E62902F4FF00CF2C75 /* BusinessTitle.swift */,
			);
			path = Detail;
			sourceTree = "<group>";
		};
		6CA8CCFB28FB77D400243D66 /* List */ = {
			isa = PBXGroup;
			children = (
				6CA8CCFC28FB77E300243D66 /* BusinessList.swift */,
				6CA8CCFE28FB79C300243D66 /* BusinessSectionHeader.swift */,
				6CA8CD0028FB7A6700243D66 /* BusinessSection.swift */,
				6C008BE728FB958C007F651B /* BusinessRow.swift */,
			);
			path = List;
			sourceTree = "<group>";
		};
		6CD8A8EA29037D5F00CF2C75 /* Onboarding */ = {
			isa = PBXGroup;
			children = (
				6CD8A8EB29037D9600CF2C75 /* OnboardingView.swift */,
			);
			path = Onboarding;
			sourceTree = "<group>";
		};
		6CD8A8ED290381E200CF2C75 /* Denied */ = {
			isa = PBXGroup;
			children = (
				6CD8A8EE290381EE00CF2C75 /* LocationDeniedView.swift */,
			);
			path = Denied;
			sourceTree = "<group>";
		};
		6CD8A8F0290384D000CF2C75 /* Common */ = {
			isa = PBXGroup;
			children = (
				6CD8A8F1290384E000CF2C75 /* YelpAttribution.swift */,
				6CD8A8F32903883400CF2C75 /* DashedDivider.swift */,
			);
			path = Common;
			sourceTree = "<group>";
		};
		6CDB2CC328FB6DCC00329BDD = {
			isa = PBXGroup;
			children = (
				6CDB2CCE28FB6DCC00329BDD /* citySights */,
				6CDB2CCD28FB6DCC00329BDD /* Products */,
			);
			sourceTree = "<group>";
		};
		6CDB2CCD28FB6DCC00329BDD /* Products */ = {
			isa = PBXGroup;
			children = (
				6CDB2CCC28FB6DCC00329BDD /* citySights.app */,
			);
			name = Products;
			sourceTree = "<group>";
		};
		6CDB2CCE28FB6DCC00329BDD /* citySights */ = {
			isa = PBXGroup;
			children = (
				6CDB2CCF28FB6DCC00329BDD /* citySightsApp.swift */,
				6CDB2CE028FB6E6B00329BDD /* Views */,
				6CDB2CDF28FB6E6500329BDD /* ViewModels */,
				6CDB2CDE28FB6E6100329BDD /* Models */,
				6CDB2CDD28FB6E5C00329BDD /* Helpers */,
				6CDB2CD328FB6DCF00329BDD /* Assets.xcassets */,
				6CDB2CD528FB6DCF00329BDD /* Preview Content */,
			);
			path = citySights;
			sourceTree = "<group>";
		};
		6CDB2CD528FB6DCF00329BDD /* Preview Content */ = {
			isa = PBXGroup;
			children = (
				6CDB2CD628FB6DCF00329BDD /* Preview Assets.xcassets */,
			);
			path = "Preview Content";
			sourceTree = "<group>";
		};
		6CDB2CDD28FB6E5C00329BDD /* Helpers */ = {
			isa = PBXGroup;
			children = (
				6CDB2CEB28FB719700329BDD /* Constants.swift */,
			);
			path = Helpers;
			sourceTree = "<group>";
		};
		6CDB2CDE28FB6E6100329BDD /* Models */ = {
			isa = PBXGroup;
			children = (
				6CDB2CE328FB6F6800329BDD /* Business.swift */,
				6CDB2CE528FB6F8600329BDD /* BusinessSearch.swift */,
			);
			path = Models;
			sourceTree = "<group>";
		};
		6CDB2CDF28FB6E6500329BDD /* ViewModels */ = {
			isa = PBXGroup;
			children = (
				6CDB2CE728FB6FF900329BDD /* ContentModel.swift */,
			);
			path = ViewModels;
			sourceTree = "<group>";
		};
		6CDB2CE028FB6E6B00329BDD /* Views */ = {
			isa = PBXGroup;
			children = (
				6CDB2CD128FB6DCC00329BDD /* LaunchView.swift */,
				6CD8A8EA29037D5F00CF2C75 /* Onboarding */,
				6CD8A8ED290381E200CF2C75 /* Denied */,
				6CDB2CEF28FB743900329BDD /* Home */,
				6CD8A8F0290384D000CF2C75 /* Common */,
			);
			path = Views;
			sourceTree = "<group>";
		};
		6CDB2CEF28FB743900329BDD /* Home */ = {
			isa = PBXGroup;
			children = (
				6CDB2CED28FB743200329BDD /* HomeView.swift */,
				6C29F2FC28FBA57700F23585 /* Detail */,
				6CE4148328FFC69D0087D623 /* Map */,
				6CA8CCFB28FB77D400243D66 /* List */,
			);
			path = Home;
			sourceTree = "<group>";
		};
		6CE4148328FFC69D0087D623 /* Map */ = {
			isa = PBXGroup;
			children = (
				6CE4148428FFC6B40087D623 /* BusinessMap.swift */,
				6CD8A8E82902F88F00CF2C75 /* DirectionsMap.swift */,
			);
			path = Map;
			sourceTree = "<group>";
		};
/* End PBXGroup section */

/* Begin PBXNativeTarget section */
		6CDB2CCB28FB6DCC00329BDD /* citySights */ = {
			isa = PBXNativeTarget;
			buildConfigurationList = 6CDB2CDA28FB6DCF00329BDD /* Build configuration list for PBXNativeTarget "citySights" */;
			buildPhases = (
				6CDB2CC828FB6DCC00329BDD /* Sources */,
				6CDB2CC928FB6DCC00329BDD /* Frameworks */,
				6CDB2CCA28FB6DCC00329BDD /* Resources */,
			);
			buildRules = (
			);
			dependencies = (
			);
			name = citySights;
			productName = citySights;
			productReference = 6CDB2CCC28FB6DCC00329BDD /* citySights.app */;
			productType = "com.apple.product-type.application";
		};
/* End PBXNativeTarget section */

/* Begin PBXProject section */
		6CDB2CC428FB6DCC00329BDD /* Project object */ = {
			isa = PBXProject;
			attributes = {
				BuildIndependentTargetsInParallel = 1;
				LastSwiftUpdateCheck = 1400;
				LastUpgradeCheck = 1400;
				TargetAttributes = {
					6CDB2CCB28FB6DCC00329BDD = {
						CreatedOnToolsVersion = 14.0.1;
					};
				};
			};
			buildConfigurationList = 6CDB2CC728FB6DCC00329BDD /* Build configuration list for PBXProject "citySights" */;
			compatibilityVersion = "Xcode 14.0";
			developmentRegion = en;
			hasScannedForEncodings = 0;
			knownRegions = (
				en,
				Base,
			);
			mainGroup = 6CDB2CC328FB6DCC00329BDD;
			productRefGroup = 6CDB2CCD28FB6DCC00329BDD /* Products */;
			projectDirPath = "";
			projectRoot = "";
			targets = (
				6CDB2CCB28FB6DCC00329BDD /* citySights */,
			);
		};
/* End PBXProject section */

/* Begin PBXResourcesBuildPhase section */
		6CDB2CCA28FB6DCC00329BDD /* Resources */ = {
			isa = PBXResourcesBuildPhase;
			buildActionMask = 2147483647;
			files = (
				6CDB2CD728FB6DCF00329BDD /* Preview Assets.xcassets in Resources */,
				6CDB2CD428FB6DCF00329BDD /* Assets.xcassets in Resources */,
			);
			runOnlyForDeploymentPostprocessing = 0;
		};
/* End PBXResourcesBuildPhase section */

/* Begin PBXSourcesBuildPhase section */
		6CDB2CC828FB6DCC00329BDD /* Sources */ = {
			isa = PBXSourcesBuildPhase;
			buildActionMask = 2147483647;
			files = (
				6CD8A8E92902F88F00CF2C75 /* DirectionsMap.swift in Sources */,
				6CDB2CD228FB6DCC00329BDD /* LaunchView.swift in Sources */,
				6C008BE828FB958C007F651B /* BusinessRow.swift in Sources */,
				6CD8A8E52902F4B000CF2C75 /* DirectionsView.swift in Sources */,
				6CDB2CEE28FB743200329BDD /* HomeView.swift in Sources */,
				6CDB2CE428FB6F6800329BDD /* Business.swift in Sources */,
				6CD8A8EF290381EE00CF2C75 /* LocationDeniedView.swift in Sources */,
				6CA8CCFF28FB79C300243D66 /* BusinessSectionHeader.swift in Sources */,
				6CDB2CD028FB6DCC00329BDD /* citySightsApp.swift in Sources */,
				6C29F2FE28FBA58B00F23585 /* BusinessDetail.swift in Sources */,
				6CD8A8F42903883400CF2C75 /* DashedDivider.swift in Sources */,
				6CDB2CE628FB6F8600329BDD /* BusinessSearch.swift in Sources */,
				6CD8A8E72902F4FF00CF2C75 /* BusinessTitle.swift in Sources */,
				6CA8CCFD28FB77E300243D66 /* BusinessList.swift in Sources */,
				6CE4148528FFC6B40087D623 /* BusinessMap.swift in Sources */,
				6CA8CD0128FB7A6700243D66 /* BusinessSection.swift in Sources */,
				6CD8A8F2290384E000CF2C75 /* YelpAttribution.swift in Sources */,
				6CDB2CE828FB6FF900329BDD /* ContentModel.swift in Sources */,
				6CD8A8EC29037D9600CF2C75 /* OnboardingView.swift in Sources */,
				6CDB2CEC28FB719700329BDD /* Constants.swift in Sources */,
			);
			runOnlyForDeploymentPostprocessing = 0;
		};
/* End PBXSourcesBuildPhase section */

/* Begin XCBuildConfiguration section */
		6CDB2CD828FB6DCF00329BDD /* Debug */ = {
			isa = XCBuildConfiguration;
			buildSettings = {
				ALWAYS_SEARCH_USER_PATHS = NO;
				CLANG_ANALYZER_NONNULL = YES;
				CLANG_ANALYZER_NUMBER_OBJECT_CONVERSION = YES_AGGRESSIVE;
				CLANG_CXX_LANGUAGE_STANDARD = "gnu++20";
				CLANG_ENABLE_MODULES = YES;
				CLANG_ENABLE_OBJC_ARC = YES;
				CLANG_ENABLE_OBJC_WEAK = YES;
				CLANG_WARN_BLOCK_CAPTURE_AUTORELEASING = YES;
				CLANG_WARN_BOOL_CONVERSION = YES;
				CLANG_WARN_COMMA = YES;
				CLANG_WARN_CONSTANT_CONVERSION = YES;
				CLANG_WARN_DEPRECATED_OBJC_IMPLEMENTATIONS = YES;
				CLANG_WARN_DIRECT_OBJC_ISA_USAGE = YES_ERROR;
				CLANG_WARN_DOCUMENTATION_COMMENTS = YES;
				CLANG_WARN_EMPTY_BODY = YES;
				CLANG_WARN_ENUM_CONVERSION = YES;
				CLANG_WARN_INFINITE_RECURSION = YES;
				CLANG_WARN_INT_CONVERSION = YES;
				CLANG_WARN_NON_LITERAL_NULL_CONVERSION = YES;
				CLANG_WARN_OBJC_IMPLICIT_RETAIN_SELF = YES;
				CLANG_WARN_OBJC_LITERAL_CONVERSION = YES;
				CLANG_WARN_OBJC_ROOT_CLASS = YES_ERROR;
				CLANG_WARN_QUOTED_INCLUDE_IN_FRAMEWORK_HEADER = YES;
				CLANG_WARN_RANGE_LOOP_ANALYSIS = YES;
				CLANG_WARN_STRICT_PROTOTYPES = YES;
				CLANG_WARN_SUSPICIOUS_MOVE = YES;
				CLANG_WARN_UNGUARDED_AVAILABILITY = YES_AGGRESSIVE;
				CLANG_WARN_UNREACHABLE_CODE = YES;
				CLANG_WARN__DUPLICATE_METHOD_MATCH = YES;
				COPY_PHASE_STRIP = NO;
				DEBUG_INFORMATION_FORMAT = dwarf;
				ENABLE_STRICT_OBJC_MSGSEND = YES;
				ENABLE_TESTABILITY = YES;
				GCC_C_LANGUAGE_STANDARD = gnu11;
				GCC_DYNAMIC_NO_PIC = NO;
				GCC_NO_COMMON_BLOCKS = YES;
				GCC_OPTIMIZATION_LEVEL = 0;
				GCC_PREPROCESSOR_DEFINITIONS = (
					"DEBUG=1",
					"$(inherited)",
				);
				GCC_WARN_64_TO_32_BIT_CONVERSION = YES;
				GCC_WARN_ABOUT_RETURN_TYPE = YES_ERROR;
				GCC_WARN_UNDECLARED_SELECTOR = YES;
				GCC_WARN_UNINITIALIZED_AUTOS = YES_AGGRESSIVE;
				GCC_WARN_UNUSED_FUNCTION = YES;
				GCC_WARN_UNUSED_VARIABLE = YES;
				IPHONEOS_DEPLOYMENT_TARGET = 16.0;
				MTL_ENABLE_DEBUG_INFO = INCLUDE_SOURCE;
				MTL_FAST_MATH = YES;
				ONLY_ACTIVE_ARCH = YES;
				SDKROOT = iphoneos;
				SWIFT_ACTIVE_COMPILATION_CONDITIONS = DEBUG;
				SWIFT_OPTIMIZATION_LEVEL = "-Onone";
			};
			name = Debug;
		};
		6CDB2CD928FB6DCF00329BDD /* Release */ = {
			isa = XCBuildConfiguration;
			buildSettings = {
				ALWAYS_SEARCH_USER_PATHS = NO;
				CLANG_ANALYZER_NONNULL = YES;
				CLANG_ANALYZER_NUMBER_OBJECT_CONVERSION = YES_AGGRESSIVE;
				CLANG_CXX_LANGUAGE_STANDARD = "gnu++20";
				CLANG_ENABLE_MODULES = YES;
				CLANG_ENABLE_OBJC_ARC = YES;
				CLANG_ENABLE_OBJC_WEAK = YES;
				CLANG_WARN_BLOCK_CAPTURE_AUTORELEASING = YES;
				CLANG_WARN_BOOL_CONVERSION = YES;
				CLANG_WARN_COMMA = YES;
				CLANG_WARN_CONSTANT_CONVERSION = YES;
				CLANG_WARN_DEPRECATED_OBJC_IMPLEMENTATIONS = YES;
				CLANG_WARN_DIRECT_OBJC_ISA_USAGE = YES_ERROR;
				CLANG_WARN_DOCUMENTATION_COMMENTS = YES;
				CLANG_WARN_EMPTY_BODY = YES;
				CLANG_WARN_ENUM_CONVERSION = YES;
				CLANG_WARN_INFINITE_RECURSION = YES;
				CLANG_WARN_INT_CONVERSION = YES;
				CLANG_WARN_NON_LITERAL_NULL_CONVERSION = YES;
				CLANG_WARN_OBJC_IMPLICIT_RETAIN_SELF = YES;
				CLANG_WARN_OBJC_LITERAL_CONVERSION = YES;
				CLANG_WARN_OBJC_ROOT_CLASS = YES_ERROR;
				CLANG_WARN_QUOTED_INCLUDE_IN_FRAMEWORK_HEADER = YES;
				CLANG_WARN_RANGE_LOOP_ANALYSIS = YES;
				CLANG_WARN_STRICT_PROTOTYPES = YES;
				CLANG_WARN_SUSPICIOUS_MOVE = YES;
				CLANG_WARN_UNGUARDED_AVAILABILITY = YES_AGGRESSIVE;
				CLANG_WARN_UNREACHABLE_CODE = YES;
				CLANG_WARN__DUPLICATE_METHOD_MATCH = YES;
				COPY_PHASE_STRIP = NO;
				DEBUG_INFORMATION_FORMAT = "dwarf-with-dsym";
				ENABLE_NS_ASSERTIONS = NO;
				ENABLE_STRICT_OBJC_MSGSEND = YES;
				GCC_C_LANGUAGE_STANDARD = gnu11;
				GCC_NO_COMMON_BLOCKS = YES;
				GCC_WARN_64_TO_32_BIT_CONVERSION = YES;
				GCC_WARN_ABOUT_RETURN_TYPE = YES_ERROR;
				GCC_WARN_UNDECLARED_SELECTOR = YES;
				GCC_WARN_UNINITIALIZED_AUTOS = YES_AGGRESSIVE;
				GCC_WARN_UNUSED_FUNCTION = YES;
				GCC_WARN_UNUSED_VARIABLE = YES;
				IPHONEOS_DEPLOYMENT_TARGET = 16.0;
				MTL_ENABLE_DEBUG_INFO = NO;
				MTL_FAST_MATH = YES;
				SDKROOT = iphoneos;
				SWIFT_COMPILATION_MODE = wholemodule;
				SWIFT_OPTIMIZATION_LEVEL = "-O";
				VALIDATE_PRODUCT = YES;
			};
			name = Release;
		};
		6CDB2CDB28FB6DCF00329BDD /* Debug */ = {
			isa = XCBuildConfiguration;
			buildSettings = {
				ASSETCATALOG_COMPILER_APPICON_NAME = AppIcon;
				ASSETCATALOG_COMPILER_GLOBAL_ACCENT_COLOR_NAME = AccentColor;
				CODE_SIGN_STYLE = Automatic;
				CURRENT_PROJECT_VERSION = 1;
				DEVELOPMENT_ASSET_PATHS = "\"citySights/Preview Content\"";
				ENABLE_PREVIEWS = YES;
				GENERATE_INFOPLIST_FILE = YES;
				INFOPLIST_KEY_NSLocationWhenInUseUsageDescription = "Grant permission to find restaurants and sights near you.";
				INFOPLIST_KEY_UIApplicationSceneManifest_Generation = YES;
				INFOPLIST_KEY_UIApplicationSupportsIndirectInputEvents = YES;
				INFOPLIST_KEY_UILaunchScreen_Generation = YES;
				INFOPLIST_KEY_UISupportedInterfaceOrientations_iPad = "UIInterfaceOrientationPortrait UIInterfaceOrientationPortraitUpsideDown UIInterfaceOrientationLandscapeLeft UIInterfaceOrientationLandscapeRight";
				INFOPLIST_KEY_UISupportedInterfaceOrientations_iPhone = "UIInterfaceOrientationPortrait UIInterfaceOrientationLandscapeLeft UIInterfaceOrientationLandscapeRight";
				LD_RUNPATH_SEARCH_PATHS = (
					"$(inherited)",
					"@executable_path/Frameworks",
				);
				MARKETING_VERSION = 1.0;
				PRODUCT_BUNDLE_IDENTIFIER = lulug.citySights;
				PRODUCT_NAME = "$(TARGET_NAME)";
				SWIFT_EMIT_LOC_STRINGS = YES;
				SWIFT_VERSION = 5.0;
				TARGETED_DEVICE_FAMILY = "1,2";
			};
			name = Debug;
		};
		6CDB2CDC28FB6DCF00329BDD /* Release */ = {
			isa = XCBuildConfiguration;
			buildSettings = {
				ASSETCATALOG_COMPILER_APPICON_NAME = AppIcon;
				ASSETCATALOG_COMPILER_GLOBAL_ACCENT_COLOR_NAME = AccentColor;
				CODE_SIGN_STYLE = Automatic;
				CURRENT_PROJECT_VERSION = 1;
				DEVELOPMENT_ASSET_PATHS = "\"citySights/Preview Content\"";
				ENABLE_PREVIEWS = YES;
				GENERATE_INFOPLIST_FILE = YES;
				INFOPLIST_KEY_NSLocationWhenInUseUsageDescription = "Grant permission to find restaurants and sights near you.";
				INFOPLIST_KEY_UIApplicationSceneManifest_Generation = YES;
				INFOPLIST_KEY_UIApplicationSupportsIndirectInputEvents = YES;
				INFOPLIST_KEY_UILaunchScreen_Generation = YES;
				INFOPLIST_KEY_UISupportedInterfaceOrientations_iPad = "UIInterfaceOrientationPortrait UIInterfaceOrientationPortraitUpsideDown UIInterfaceOrientationLandscapeLeft UIInterfaceOrientationLandscapeRight";
				INFOPLIST_KEY_UISupportedInterfaceOrientations_iPhone = "UIInterfaceOrientationPortrait UIInterfaceOrientationLandscapeLeft UIInterfaceOrientationLandscapeRight";
				LD_RUNPATH_SEARCH_PATHS = (
					"$(inherited)",
					"@executable_path/Frameworks",
				);
				MARKETING_VERSION = 1.0;
				PRODUCT_BUNDLE_IDENTIFIER = lulug.citySights;
				PRODUCT_NAME = "$(TARGET_NAME)";
				SWIFT_EMIT_LOC_STRINGS = YES;
				SWIFT_VERSION = 5.0;
				TARGETED_DEVICE_FAMILY = "1,2";
			};
			name = Release;
		};
/* End XCBuildConfiguration section */

/* Begin XCConfigurationList section */
		6CDB2CC728FB6DCC00329BDD /* Build configuration list for PBXProject "citySights" */ = {
			isa = XCConfigurationList;
			buildConfigurations = (
				6CDB2CD828FB6DCF00329BDD /* Debug */,
				6CDB2CD928FB6DCF00329BDD /* Release */,
			);
			defaultConfigurationIsVisible = 0;
			defaultConfigurationName = Release;
		};
		6CDB2CDA28FB6DCF00329BDD /* Build configuration list for PBXNativeTarget "citySights" */ = {
			isa = XCConfigurationList;
			buildConfigurations = (
				6CDB2CDB28FB6DCF00329BDD /* Debug */,
				6CDB2CDC28FB6DCF00329BDD /* Release */,
			);
			defaultConfigurationIsVisible = 0;
			defaultConfigurationName = Release;
		};
/* End XCConfigurationList section */
	};
	rootObject = 6CDB2CC428FB6DCC00329BDD /* Project object */;
}
